// !$*UTF8*$!
{
	archiveVersion = 1;
	classes = {
	};
	objectVersion = 56;
	objects = {

/* Begin PBXBuildFile section */
		CDBA11562CDF664E0075B8E9 /* AppDelegate.swift in Sources */ = {isa = PBXBuildFile; fileRef = CDBA11552CDF664E0075B8E9 /* AppDelegate.swift */; };
		CDBA11582CDF664E0075B8E9 /* SceneDelegate.swift in Sources */ = {isa = PBXBuildFile; fileRef = CDBA11572CDF664E0075B8E9 /* SceneDelegate.swift */; };
		CDBA115A2CDF664E0075B8E9 /* ViewController.swift in Sources */ = {isa = PBXBuildFile; fileRef = CDBA11592CDF664E0075B8E9 /* ViewController.swift */; };
		CDBA115D2CDF664E0075B8E9 /* Base in Resources */ = {isa = PBXBuildFile; fileRef = CDBA115C2CDF664E0075B8E9 /* Base */; };
		CDBA115F2CDF664F0075B8E9 /* Assets.xcassets in Resources */ = {isa = PBXBuildFile; fileRef = CDBA115E2CDF664F0075B8E9 /* Assets.xcassets */; };
		CDBA11622CDF664F0075B8E9 /* Base in Resources */ = {isa = PBXBuildFile; fileRef = CDBA11612CDF664F0075B8E9 /* Base */; };
		CDBA116D2CDF664F0075B8E9 /* ios_exampleTests.swift in Sources */ = {isa = PBXBuildFile; fileRef = CDBA116C2CDF664F0075B8E9 /* ios_exampleTests.swift */; };
		CDBA11772CDF664F0075B8E9 /* ios_exampleUITests.swift in Sources */ = {isa = PBXBuildFile; fileRef = CDBA11762CDF664F0075B8E9 /* ios_exampleUITests.swift */; };
		CDBA11792CDF664F0075B8E9 /* ios_exampleUITestsLaunchTests.swift in Sources */ = {isa = PBXBuildFile; fileRef = CDBA11782CDF664F0075B8E9 /* ios_exampleUITestsLaunchTests.swift */; };
		CDBA11862CE0A58C0075B8E9 /* spaceshipfly.wav in Resources */ = {isa = PBXBuildFile; fileRef = CDBA11852CE0A58C0075B8E9 /* spaceshipfly.wav */; };
/* End PBXBuildFile section */

/* Begin PBXContainerItemProxy section */
		CDBA11692CDF664F0075B8E9 /* PBXContainerItemProxy */ = {
			isa = PBXContainerItemProxy;
			containerPortal = CDBA114A2CDF664E0075B8E9 /* Project object */;
			proxyType = 1;
			remoteGlobalIDString = CDBA11512CDF664E0075B8E9;
			remoteInfo = ios_example;
		};
		CDBA11732CDF664F0075B8E9 /* PBXContainerItemProxy */ = {
			isa = PBXContainerItemProxy;
			containerPortal = CDBA114A2CDF664E0075B8E9 /* Project object */;
			proxyType = 1;
			remoteGlobalIDString = CDBA11512CDF664E0075B8E9;
			remoteInfo = ios_example;
		};
/* End PBXContainerItemProxy section */

/* Begin PBXFileReference section */
		CDBA11522CDF664E0075B8E9 /* ios_example.app */ = {isa = PBXFileReference; explicitFileType = wrapper.application; includeInIndex = 0; path = ios_example.app; sourceTree = BUILT_PRODUCTS_DIR; };
		CDBA11552CDF664E0075B8E9 /* AppDelegate.swift */ = {isa = PBXFileReference; lastKnownFileType = sourcecode.swift; path = AppDelegate.swift; sourceTree = "<group>"; };
		CDBA11572CDF664E0075B8E9 /* SceneDelegate.swift */ = {isa = PBXFileReference; lastKnownFileType = sourcecode.swift; path = SceneDelegate.swift; sourceTree = "<group>"; };
		CDBA11592CDF664E0075B8E9 /* ViewController.swift */ = {isa = PBXFileReference; lastKnownFileType = sourcecode.swift; path = ViewController.swift; sourceTree = "<group>"; };
		CDBA115C2CDF664E0075B8E9 /* Base */ = {isa = PBXFileReference; lastKnownFileType = file.storyboard; name = Base; path = Base.lproj/Main.storyboard; sourceTree = "<group>"; };
		CDBA115E2CDF664F0075B8E9 /* Assets.xcassets */ = {isa = PBXFileReference; lastKnownFileType = folder.assetcatalog; path = Assets.xcassets; sourceTree = "<group>"; };
		CDBA11612CDF664F0075B8E9 /* Base */ = {isa = PBXFileReference; lastKnownFileType = file.storyboard; name = Base; path = Base.lproj/LaunchScreen.storyboard; sourceTree = "<group>"; };
		CDBA11632CDF664F0075B8E9 /* Info.plist */ = {isa = PBXFileReference; lastKnownFileType = text.plist.xml; path = Info.plist; sourceTree = "<group>"; };
		CDBA11682CDF664F0075B8E9 /* ios_exampleTests.xctest */ = {isa = PBXFileReference; explicitFileType = wrapper.cfbundle; includeInIndex = 0; path = ios_exampleTests.xctest; sourceTree = BUILT_PRODUCTS_DIR; };
		CDBA116C2CDF664F0075B8E9 /* ios_exampleTests.swift */ = {isa = PBXFileReference; lastKnownFileType = sourcecode.swift; path = ios_exampleTests.swift; sourceTree = "<group>"; };
		CDBA11722CDF664F0075B8E9 /* ios_exampleUITests.xctest */ = {isa = PBXFileReference; explicitFileType = wrapper.cfbundle; includeInIndex = 0; path = ios_exampleUITests.xctest; sourceTree = BUILT_PRODUCTS_DIR; };
		CDBA11762CDF664F0075B8E9 /* ios_exampleUITests.swift */ = {isa = PBXFileReference; lastKnownFileType = sourcecode.swift; path = ios_exampleUITests.swift; sourceTree = "<group>"; };
		CDBA11782CDF664F0075B8E9 /* ios_exampleUITestsLaunchTests.swift */ = {isa = PBXFileReference; lastKnownFileType = sourcecode.swift; path = ios_exampleUITestsLaunchTests.swift; sourceTree = "<group>"; };
		CDBA11852CE0A58C0075B8E9 /* spaceshipfly.wav */ = {isa = PBXFileReference; lastKnownFileType = audio.wav; path = spaceshipfly.wav; sourceTree = "<group>"; };
/* End PBXFileReference section */

/* Begin PBXFrameworksBuildPhase section */
		CDBA114F2CDF664E0075B8E9 /* Frameworks */ = {
			isa = PBXFrameworksBuildPhase;
			buildActionMask = 2147483647;
			files = (
			);
			runOnlyForDeploymentPostprocessing = 0;
		};
		CDBA11652CDF664F0075B8E9 /* Frameworks */ = {
			isa = PBXFrameworksBuildPhase;
			buildActionMask = 2147483647;
			files = (
			);
			runOnlyForDeploymentPostprocessing = 0;
		};
		CDBA116F2CDF664F0075B8E9 /* Frameworks */ = {
			isa = PBXFrameworksBuildPhase;
			buildActionMask = 2147483647;
			files = (
			);
			runOnlyForDeploymentPostprocessing = 0;
		};
/* End PBXFrameworksBuildPhase section */

/* Begin PBXGroup section */
		CDBA11492CDF664E0075B8E9 = {
			isa = PBXGroup;
			children = (
				CDBA11542CDF664E0075B8E9 /* ios_example */,
				CDBA116B2CDF664F0075B8E9 /* ios_exampleTests */,
				CDBA11752CDF664F0075B8E9 /* ios_exampleUITests */,
				CDBA11532CDF664E0075B8E9 /* Products */,
			);
			sourceTree = "<group>";
		};
		CDBA11532CDF664E0075B8E9 /* Products */ = {
			isa = PBXGroup;
			children = (
				CDBA11522CDF664E0075B8E9 /* ios_example.app */,
				CDBA11682CDF664F0075B8E9 /* ios_exampleTests.xctest */,
				CDBA11722CDF664F0075B8E9 /* ios_exampleUITests.xctest */,
			);
			name = Products;
			sourceTree = "<group>";
		};
		CDBA11542CDF664E0075B8E9 /* ios_example */ = {
			isa = PBXGroup;
			children = (
				CDBA11852CE0A58C0075B8E9 /* spaceshipfly.wav */,
				CDBA11552CDF664E0075B8E9 /* AppDelegate.swift */,
				CDBA11572CDF664E0075B8E9 /* SceneDelegate.swift */,
				CDBA11592CDF664E0075B8E9 /* ViewController.swift */,
				CDBA115B2CDF664E0075B8E9 /* Main.storyboard */,
				CDBA115E2CDF664F0075B8E9 /* Assets.xcassets */,
				CDBA11602CDF664F0075B8E9 /* LaunchScreen.storyboard */,
				CDBA11632CDF664F0075B8E9 /* Info.plist */,
			);
			path = ios_example;
			sourceTree = "<group>";
		};
		CDBA116B2CDF664F0075B8E9 /* ios_exampleTests */ = {
			isa = PBXGroup;
			children = (
				CDBA116C2CDF664F0075B8E9 /* ios_exampleTests.swift */,
			);
			path = ios_exampleTests;
			sourceTree = "<group>";
		};
		CDBA11752CDF664F0075B8E9 /* ios_exampleUITests */ = {
			isa = PBXGroup;
			children = (
				CDBA11762CDF664F0075B8E9 /* ios_exampleUITests.swift */,
				CDBA11782CDF664F0075B8E9 /* ios_exampleUITestsLaunchTests.swift */,
			);
			path = ios_exampleUITests;
			sourceTree = "<group>";
		};
/* End PBXGroup section */

/* Begin PBXNativeTarget section */
		CDBA11512CDF664E0075B8E9 /* ios_example */ = {
			isa = PBXNativeTarget;
			buildConfigurationList = CDBA117C2CDF664F0075B8E9 /* Build configuration list for PBXNativeTarget "ios_example" */;
			buildPhases = (
				CDBA114E2CDF664E0075B8E9 /* Sources */,
				CDBA114F2CDF664E0075B8E9 /* Frameworks */,
				CDBA11502CDF664E0075B8E9 /* Resources */,
			);
			buildRules = (
			);
			dependencies = (
			);
			name = ios_example;
			productName = ios_example;
			productReference = CDBA11522CDF664E0075B8E9 /* ios_example.app */;
			productType = "com.apple.product-type.application";
		};
		CDBA11672CDF664F0075B8E9 /* ios_exampleTests */ = {
			isa = PBXNativeTarget;
			buildConfigurationList = CDBA117F2CDF664F0075B8E9 /* Build configuration list for PBXNativeTarget "ios_exampleTests" */;
			buildPhases = (
				CDBA11642CDF664F0075B8E9 /* Sources */,
				CDBA11652CDF664F0075B8E9 /* Frameworks */,
				CDBA11662CDF664F0075B8E9 /* Resources */,
			);
			buildRules = (
			);
			dependencies = (
				CDBA116A2CDF664F0075B8E9 /* PBXTargetDependency */,
			);
			name = ios_exampleTests;
			productName = ios_exampleTests;
			productReference = CDBA11682CDF664F0075B8E9 /* ios_exampleTests.xctest */;
			productType = "com.apple.product-type.bundle.unit-test";
		};
		CDBA11712CDF664F0075B8E9 /* ios_exampleUITests */ = {
			isa = PBXNativeTarget;
			buildConfigurationList = CDBA11822CDF664F0075B8E9 /* Build configuration list for PBXNativeTarget "ios_exampleUITests" */;
			buildPhases = (
				CDBA116E2CDF664F0075B8E9 /* Sources */,
				CDBA116F2CDF664F0075B8E9 /* Frameworks */,
				CDBA11702CDF664F0075B8E9 /* Resources */,
			);
			buildRules = (
			);
			dependencies = (
				CDBA11742CDF664F0075B8E9 /* PBXTargetDependency */,
			);
			name = ios_exampleUITests;
			productName = ios_exampleUITests;
			productReference = CDBA11722CDF664F0075B8E9 /* ios_exampleUITests.xctest */;
			productType = "com.apple.product-type.bundle.ui-testing";
		};
/* End PBXNativeTarget section */

/* Begin PBXProject section */
		CDBA114A2CDF664E0075B8E9 /* Project object */ = {
			isa = PBXProject;
			attributes = {
				BuildIndependentTargetsInParallel = 1;
				LastSwiftUpdateCheck = 1540;
				LastUpgradeCheck = 1540;
				TargetAttributes = {
					CDBA11512CDF664E0075B8E9 = {
						CreatedOnToolsVersion = 15.4;
					};
					CDBA11672CDF664F0075B8E9 = {
						CreatedOnToolsVersion = 15.4;
						TestTargetID = CDBA11512CDF664E0075B8E9;
					};
					CDBA11712CDF664F0075B8E9 = {
						CreatedOnToolsVersion = 15.4;
						TestTargetID = CDBA11512CDF664E0075B8E9;
					};
				};
			};
			buildConfigurationList = CDBA114D2CDF664E0075B8E9 /* Build configuration list for PBXProject "ios_example" */;
			compatibilityVersion = "Xcode 14.0";
			developmentRegion = en;
			hasScannedForEncodings = 0;
			knownRegions = (
				en,
				Base,
			);
			mainGroup = CDBA11492CDF664E0075B8E9;
			productRefGroup = CDBA11532CDF664E0075B8E9 /* Products */;
			projectDirPath = "";
			projectRoot = "";
			targets = (
				CDBA11512CDF664E0075B8E9 /* ios_example */,
				CDBA11672CDF664F0075B8E9 /* ios_exampleTests */,
				CDBA11712CDF664F0075B8E9 /* ios_exampleUITests */,
			);
		};
/* End PBXProject section */

/* Begin PBXResourcesBuildPhase section */
		CDBA11502CDF664E0075B8E9 /* Resources */ = {
			isa = PBXResourcesBuildPhase;
			buildActionMask = 2147483647;
			files = (
				CDBA115F2CDF664F0075B8E9 /* Assets.xcassets in Resources */,
				CDBA11622CDF664F0075B8E9 /* Base in Resources */,
				CDBA115D2CDF664E0075B8E9 /* Base in Resources */,
				CDBA11862CE0A58C0075B8E9 /* spaceshipfly.wav in Resources */,
			);
			runOnlyForDeploymentPostprocessing = 0;
		};
		CDBA11662CDF664F0075B8E9 /* Resources */ = {
			isa = PBXResourcesBuildPhase;
			buildActionMask = 2147483647;
			files = (
			);
			runOnlyForDeploymentPostprocessing = 0;
		};
		CDBA11702CDF664F0075B8E9 /* Resources */ = {
			isa = PBXResourcesBuildPhase;
			buildActionMask = 2147483647;
			files = (
			);
			runOnlyForDeploymentPostprocessing = 0;
		};
/* End PBXResourcesBuildPhase section */

/* Begin PBXSourcesBuildPhase section */
		CDBA114E2CDF664E0075B8E9 /* Sources */ = {
			isa = PBXSourcesBuildPhase;
			buildActionMask = 2147483647;
			files = (
				CDBA115A2CDF664E0075B8E9 /* ViewController.swift in Sources */,
				CDBA11562CDF664E0075B8E9 /* AppDelegate.swift in Sources */,
				CDBA11582CDF664E0075B8E9 /* SceneDelegate.swift in Sources */,
			);
			runOnlyForDeploymentPostprocessing = 0;
		};
		CDBA11642CDF664F0075B8E9 /* Sources */ = {
			isa = PBXSourcesBuildPhase;
			buildActionMask = 2147483647;
			files = (
				CDBA116D2CDF664F0075B8E9 /* ios_exampleTests.swift in Sources */,
			);
			runOnlyForDeploymentPostprocessing = 0;
		};
		CDBA116E2CDF664F0075B8E9 /* Sources */ = {
			isa = PBXSourcesBuildPhase;
			buildActionMask = 2147483647;
			files = (
				CDBA11772CDF664F0075B8E9 /* ios_exampleUITests.swift in Sources */,
				CDBA11792CDF664F0075B8E9 /* ios_exampleUITestsLaunchTests.swift in Sources */,
			);
			runOnlyForDeploymentPostprocessing = 0;
		};
/* End PBXSourcesBuildPhase section */

/* Begin PBXTargetDependency section */
		CDBA116A2CDF664F0075B8E9 /* PBXTargetDependency */ = {
			isa = PBXTargetDependency;
			target = CDBA11512CDF664E0075B8E9 /* ios_example */;
			targetProxy = CDBA11692CDF664F0075B8E9 /* PBXContainerItemProxy */;
		};
		CDBA11742CDF664F0075B8E9 /* PBXTargetDependency */ = {
			isa = PBXTargetDependency;
			target = CDBA11512CDF664E0075B8E9 /* ios_example */;
			targetProxy = CDBA11732CDF664F0075B8E9 /* PBXContainerItemProxy */;
		};
/* End PBXTargetDependency section */

/* Begin PBXVariantGroup section */
		CDBA115B2CDF664E0075B8E9 /* Main.storyboard */ = {
			isa = PBXVariantGroup;
			children = (
				CDBA115C2CDF664E0075B8E9 /* Base */,
			);
			name = Main.storyboard;
			sourceTree = "<group>";
		};
		CDBA11602CDF664F0075B8E9 /* LaunchScreen.storyboard */ = {
			isa = PBXVariantGroup;
			children = (
				CDBA11612CDF664F0075B8E9 /* Base */,
			);
			name = LaunchScreen.storyboard;
			sourceTree = "<group>";
		};
/* End PBXVariantGroup section */

/* Begin XCBuildConfiguration section */
		CDBA117A2CDF664F0075B8E9 /* Debug */ = {
			isa = XCBuildConfiguration;
			buildSettings = {
				ALWAYS_SEARCH_USER_PATHS = NO;
				ASSETCATALOG_COMPILER_GENERATE_SWIFT_ASSET_SYMBOL_EXTENSIONS = YES;
				CLANG_ANALYZER_NONNULL = YES;
				CLANG_ANALYZER_NUMBER_OBJECT_CONVERSION = YES_AGGRESSIVE;
				CLANG_CXX_LANGUAGE_STANDARD = "gnu++20";
				CLANG_ENABLE_MODULES = YES;
				CLANG_ENABLE_OBJC_ARC = YES;
				CLANG_ENABLE_OBJC_WEAK = YES;
				CLANG_WARN_BLOCK_CAPTURE_AUTORELEASING = YES;
				CLANG_WARN_BOOL_CONVERSION = YES;
				CLANG_WARN_COMMA = YES;
				CLANG_WARN_CONSTANT_CONVERSION = YES;
				CLANG_WARN_DEPRECATED_OBJC_IMPLEMENTATIONS = YES;
				CLANG_WARN_DIRECT_OBJC_ISA_USAGE = YES_ERROR;
				CLANG_WARN_DOCUMENTATION_COMMENTS = YES;
				CLANG_WARN_EMPTY_BODY = YES;
				CLANG_WARN_ENUM_CONVERSION = YES;
				CLANG_WARN_INFINITE_RECURSION = YES;
				CLANG_WARN_INT_CONVERSION = YES;
				CLANG_WARN_NON_LITERAL_NULL_CONVERSION = YES;
				CLANG_WARN_OBJC_IMPLICIT_RETAIN_SELF = YES;
				CLANG_WARN_OBJC_LITERAL_CONVERSION = YES;
				CLANG_WARN_OBJC_ROOT_CLASS = YES_ERROR;
				CLANG_WARN_QUOTED_INCLUDE_IN_FRAMEWORK_HEADER = YES;
				CLANG_WARN_RANGE_LOOP_ANALYSIS = YES;
				CLANG_WARN_STRICT_PROTOTYPES = YES;
				CLANG_WARN_SUSPICIOUS_MOVE = YES;
				CLANG_WARN_UNGUARDED_AVAILABILITY = YES_AGGRESSIVE;
				CLANG_WARN_UNREACHABLE_CODE = YES;
				CLANG_WARN__DUPLICATE_METHOD_MATCH = YES;
				COPY_PHASE_STRIP = NO;
				DEBUG_INFORMATION_FORMAT = dwarf;
				ENABLE_STRICT_OBJC_MSGSEND = YES;
				ENABLE_TESTABILITY = YES;
				ENABLE_USER_SCRIPT_SANDBOXING = YES;
				GCC_C_LANGUAGE_STANDARD = gnu17;
				GCC_DYNAMIC_NO_PIC = NO;
				GCC_NO_COMMON_BLOCKS = YES;
				GCC_OPTIMIZATION_LEVEL = 0;
				GCC_PREPROCESSOR_DEFINITIONS = (
					"DEBUG=1",
					"$(inherited)",
				);
				GCC_WARN_64_TO_32_BIT_CONVERSION = YES;
				GCC_WARN_ABOUT_RETURN_TYPE = YES_ERROR;
				GCC_WARN_UNDECLARED_SELECTOR = YES;
				GCC_WARN_UNINITIALIZED_AUTOS = YES_AGGRESSIVE;
				GCC_WARN_UNUSED_FUNCTION = YES;
				GCC_WARN_UNUSED_VARIABLE = YES;
				IPHONEOS_DEPLOYMENT_TARGET = 17.5;
				LOCALIZATION_PREFERS_STRING_CATALOGS = YES;
				MTL_ENABLE_DEBUG_INFO = INCLUDE_SOURCE;
				MTL_FAST_MATH = YES;
				ONLY_ACTIVE_ARCH = YES;
				SDKROOT = iphoneos;
				SWIFT_ACTIVE_COMPILATION_CONDITIONS = "DEBUG $(inherited)";
				SWIFT_OPTIMIZATION_LEVEL = "-Onone";
			};
			name = Debug;
		};
		CDBA117B2CDF664F0075B8E9 /* Release */ = {
			isa = XCBuildConfiguration;
			buildSettings = {
				ALWAYS_SEARCH_USER_PATHS = NO;
				ASSETCATALOG_COMPILER_GENERATE_SWIFT_ASSET_SYMBOL_EXTENSIONS = YES;
				CLANG_ANALYZER_NONNULL = YES;
				CLANG_ANALYZER_NUMBER_OBJECT_CONVERSION = YES_AGGRESSIVE;
				CLANG_CXX_LANGUAGE_STANDARD = "gnu++20";
				CLANG_ENABLE_MODULES = YES;
				CLANG_ENABLE_OBJC_ARC = YES;
				CLANG_ENABLE_OBJC_WEAK = YES;
				CLANG_WARN_BLOCK_CAPTURE_AUTORELEASING = YES;
				CLANG_WARN_BOOL_CONVERSION = YES;
				CLANG_WARN_COMMA = YES;
				CLANG_WARN_CONSTANT_CONVERSION = YES;
				CLANG_WARN_DEPRECATED_OBJC_IMPLEMENTATIONS = YES;
				CLANG_WARN_DIRECT_OBJC_ISA_USAGE = YES_ERROR;
				CLANG_WARN_DOCUMENTATION_COMMENTS = YES;
				CLANG_WARN_EMPTY_BODY = YES;
				CLANG_WARN_ENUM_CONVERSION = YES;
				CLANG_WARN_INFINITE_RECURSION = YES;
				CLANG_WARN_INT_CONVERSION = YES;
				CLANG_WARN_NON_LITERAL_NULL_CONVERSION = YES;
				CLANG_WARN_OBJC_IMPLICIT_RETAIN_SELF = YES;
				CLANG_WARN_OBJC_LITERAL_CONVERSION = YES;
				CLANG_WARN_OBJC_ROOT_CLASS = YES_ERROR;
				CLANG_WARN_QUOTED_INCLUDE_IN_FRAMEWORK_HEADER = YES;
				CLANG_WARN_RANGE_LOOP_ANALYSIS = YES;
				CLANG_WARN_STRICT_PROTOTYPES = YES;
				CLANG_WARN_SUSPICIOUS_MOVE = YES;
				CLANG_WARN_UNGUARDED_AVAILABILITY = YES_AGGRESSIVE;
				CLANG_WARN_UNREACHABLE_CODE = YES;
				CLANG_WARN__DUPLICATE_METHOD_MATCH = YES;
				COPY_PHASE_STRIP = NO;
				DEBUG_INFORMATION_FORMAT = "dwarf-with-dsym";
				ENABLE_NS_ASSERTIONS = NO;
				ENABLE_STRICT_OBJC_MSGSEND = YES;
				ENABLE_USER_SCRIPT_SANDBOXING = YES;
				GCC_C_LANGUAGE_STANDARD = gnu17;
				GCC_NO_COMMON_BLOCKS = YES;
				GCC_WARN_64_TO_32_BIT_CONVERSION = YES;
				GCC_WARN_ABOUT_RETURN_TYPE = YES_ERROR;
				GCC_WARN_UNDECLARED_SELECTOR = YES;
				GCC_WARN_UNINITIALIZED_AUTOS = YES_AGGRESSIVE;
				GCC_WARN_UNUSED_FUNCTION = YES;
				GCC_WARN_UNUSED_VARIABLE = YES;
				IPHONEOS_DEPLOYMENT_TARGET = 17.5;
				LOCALIZATION_PREFERS_STRING_CATALOGS = YES;
				MTL_ENABLE_DEBUG_INFO = NO;
				MTL_FAST_MATH = YES;
				SDKROOT = iphoneos;
				SWIFT_COMPILATION_MODE = wholemodule;
				VALIDATE_PRODUCT = YES;
			};
			name = Release;
		};
		CDBA117D2CDF664F0075B8E9 /* Debug */ = {
			isa = XCBuildConfiguration;
			buildSettings = {
				ASSETCATALOG_COMPILER_APPICON_NAME = AppIcon;
				ASSETCATALOG_COMPILER_GLOBAL_ACCENT_COLOR_NAME = AccentColor;
				CODE_SIGN_STYLE = Automatic;
				CURRENT_PROJECT_VERSION = 1;
				DEVELOPMENT_TEAM = NNUBBLP2PA;
				GENERATE_INFOPLIST_FILE = YES;
				INFOPLIST_FILE = ios_example/Info.plist;
				INFOPLIST_KEY_UIApplicationSupportsIndirectInputEvents = YES;
				INFOPLIST_KEY_UILaunchStoryboardName = LaunchScreen;
				INFOPLIST_KEY_UIMainStoryboardFile = Main;
				INFOPLIST_KEY_UISupportedInterfaceOrientations_iPad = "UIInterfaceOrientationPortrait UIInterfaceOrientationPortraitUpsideDown UIInterfaceOrientationLandscapeLeft UIInterfaceOrientationLandscapeRight";
				INFOPLIST_KEY_UISupportedInterfaceOrientations_iPhone = "UIInterfaceOrientationPortrait UIInterfaceOrientationLandscapeLeft UIInterfaceOrientationLandscapeRight";
				LD_RUNPATH_SEARCH_PATHS = (
					"$(inherited)",
					"@executable_path/Frameworks",
				);
				MARKETING_VERSION = 1.0;
				PRODUCT_BUNDLE_IDENTIFIER = "jp.baopham.ios-example";
				PRODUCT_NAME = "$(TARGET_NAME)";
				SWIFT_EMIT_LOC_STRINGS = YES;
				SWIFT_VERSION = 5.0;
				TARGETED_DEVICE_FAMILY = "1,2";
			};
			name = Debug;
		};
		CDBA117E2CDF664F0075B8E9 /* Release */ = {
			isa = XCBuildConfiguration;
			buildSettings = {
				ASSETCATALOG_COMPILER_APPICON_NAME = AppIcon;
				ASSETCATALOG_COMPILER_GLOBAL_ACCENT_COLOR_NAME = AccentColor;
				CODE_SIGN_STYLE = Automatic;
				CURRENT_PROJECT_VERSION = 1;
				DEVELOPMENT_TEAM = NNUBBLP2PA;
				GENERATE_INFOPLIST_FILE = YES;
				INFOPLIST_FILE = ios_example/Info.plist;
				INFOPLIST_KEY_UIApplicationSupportsIndirectInputEvents = YES;
				INFOPLIST_KEY_UILaunchStoryboardName = LaunchScreen;
				INFOPLIST_KEY_UIMainStoryboardFile = Main;
				INFOPLIST_KEY_UISupportedInterfaceOrientations_iPad = "UIInterfaceOrientationPortrait UIInterfaceOrientationPortraitUpsideDown UIInterfaceOrientationLandscapeLeft UIInterfaceOrientationLandscapeRight";
				INFOPLIST_KEY_UISupportedInterfaceOrientations_iPhone = "UIInterfaceOrientationPortrait UIInterfaceOrientationLandscapeLeft UIInterfaceOrientationLandscapeRight";
				LD_RUNPATH_SEARCH_PATHS = (
					"$(inherited)",
					"@executable_path/Frameworks",
				);
				MARKETING_VERSION = 1.0;
				PRODUCT_BUNDLE_IDENTIFIER = "jp.baopham.ios-example";
				PRODUCT_NAME = "$(TARGET_NAME)";
				SWIFT_EMIT_LOC_STRINGS = YES;
				SWIFT_VERSION = 5.0;
				TARGETED_DEVICE_FAMILY = "1,2";
			};
			name = Release;
		};
		CDBA11802CDF664F0075B8E9 /* Debug */ = {
			isa = XCBuildConfiguration;
			buildSettings = {
				ALWAYS_EMBED_SWIFT_STANDARD_LIBRARIES = YES;
				BUNDLE_LOADER = "$(TEST_HOST)";
				CODE_SIGN_STYLE = Automatic;
				CURRENT_PROJECT_VERSION = 1;
				DEVELOPMENT_TEAM = NNUBBLP2PA;
				GENERATE_INFOPLIST_FILE = YES;
				IPHONEOS_DEPLOYMENT_TARGET = 17.5;
				MARKETING_VERSION = 1.0;
				PRODUCT_BUNDLE_IDENTIFIER = "jp.baopham.ios-exampleTests";
				PRODUCT_NAME = "$(TARGET_NAME)";
				SWIFT_EMIT_LOC_STRINGS = NO;
				SWIFT_VERSION = 5.0;
				TARGETED_DEVICE_FAMILY = "1,2";
				TEST_HOST = "$(BUILT_PRODUCTS_DIR)/ios_example.app/$(BUNDLE_EXECUTABLE_FOLDER_PATH)/ios_example";
			};
			name = Debug;
		};
		CDBA11812CDF664F0075B8E9 /* Release */ = {
			isa = XCBuildConfiguration;
			buildSettings = {
				ALWAYS_EMBED_SWIFT_STANDARD_LIBRARIES = YES;
				BUNDLE_LOADER = "$(TEST_HOST)";
				CODE_SIGN_STYLE = Automatic;
				CURRENT_PROJECT_VERSION = 1;
				DEVELOPMENT_TEAM = NNUBBLP2PA;
				GENERATE_INFOPLIST_FILE = YES;
				IPHONEOS_DEPLOYMENT_TARGET = 17.5;
				MARKETING_VERSION = 1.0;
				PRODUCT_BUNDLE_IDENTIFIER = "jp.baopham.ios-exampleTests";
				PRODUCT_NAME = "$(TARGET_NAME)";
				SWIFT_EMIT_LOC_STRINGS = NO;
				SWIFT_VERSION = 5.0;
				TARGETED_DEVICE_FAMILY = "1,2";
				TEST_HOST = "$(BUILT_PRODUCTS_DIR)/ios_example.app/$(BUNDLE_EXECUTABLE_FOLDER_PATH)/ios_example";
			};
			name = Release;
		};
		CDBA11832CDF664F0075B8E9 /* Debug */ = {
			isa = XCBuildConfiguration;
			buildSettings = {
				ALWAYS_EMBED_SWIFT_STANDARD_LIBRARIES = YES;
				CODE_SIGN_STYLE = Automatic;
				CURRENT_PROJECT_VERSION = 1;
				DEVELOPMENT_TEAM = NNUBBLP2PA;
				GENERATE_INFOPLIST_FILE = YES;
				MARKETING_VERSION = 1.0;
				PRODUCT_BUNDLE_IDENTIFIER = "jp.baopham.ios-exampleUITests";
				PRODUCT_NAME = "$(TARGET_NAME)";
				SWIFT_EMIT_LOC_STRINGS = NO;
				SWIFT_VERSION = 5.0;
				TARGETED_DEVICE_FAMILY = "1,2";
				TEST_TARGET_NAME = ios_example;
			};
			name = Debug;
		};
		CDBA11842CDF664F0075B8E9 /* Release */ = {
			isa = XCBuildConfiguration;
			buildSettings = {
				ALWAYS_EMBED_SWIFT_STANDARD_LIBRARIES = YES;
				CODE_SIGN_STYLE = Automatic;
				CURRENT_PROJECT_VERSION = 1;
				DEVELOPMENT_TEAM = NNUBBLP2PA;
				GENERATE_INFOPLIST_FILE = YES;
				MARKETING_VERSION = 1.0;
				PRODUCT_BUNDLE_IDENTIFIER = "jp.baopham.ios-exampleUITests";
				PRODUCT_NAME = "$(TARGET_NAME)";
				SWIFT_EMIT_LOC_STRINGS = NO;
				SWIFT_VERSION = 5.0;
				TARGETED_DEVICE_FAMILY = "1,2";
				TEST_TARGET_NAME = ios_example;
			};
			name = Release;
		};
/* End XCBuildConfiguration section */

/* Begin XCConfigurationList section */
		CDBA114D2CDF664E0075B8E9 /* Build configuration list for PBXProject "ios_example" */ = {
			isa = XCConfigurationList;
			buildConfigurations = (
				CDBA117A2CDF664F0075B8E9 /* Debug */,
				CDBA117B2CDF664F0075B8E9 /* Release */,
			);
			defaultConfigurationIsVisible = 0;
			defaultConfigurationName = Release;
		};
		CDBA117C2CDF664F0075B8E9 /* Build configuration list for PBXNativeTarget "ios_example" */ = {
			isa = XCConfigurationList;
			buildConfigurations = (
				CDBA117D2CDF664F0075B8E9 /* Debug */,
				CDBA117E2CDF664F0075B8E9 /* Release */,
			);
			defaultConfigurationIsVisible = 0;
			defaultConfigurationName = Release;
		};
		CDBA117F2CDF664F0075B8E9 /* Build configuration list for PBXNativeTarget "ios_exampleTests" */ = {
			isa = XCConfigurationList;
			buildConfigurations = (
				CDBA11802CDF664F0075B8E9 /* Debug */,
				CDBA11812CDF664F0075B8E9 /* Release */,
			);
			defaultConfigurationIsVisible = 0;
			defaultConfigurationName = Release;
		};
		CDBA11822CDF664F0075B8E9 /* Build configuration list for PBXNativeTarget "ios_exampleUITests" */ = {
			isa = XCConfigurationList;
			buildConfigurations = (
				CDBA11832CDF664F0075B8E9 /* Debug */,
				CDBA11842CDF664F0075B8E9 /* Release */,
			);
			defaultConfigurationIsVisible = 0;
			defaultConfigurationName = Release;
		};
/* End XCConfigurationList section */
	};
	rootObject = CDBA114A2CDF664E0075B8E9 /* Project object */;
}
